
Microsoft Visual Studio Solution File, Format Version 12.00
# Visual Studio Version 17
VisualStudioVersion = 17.7.34202.233
MinimumVisualStudioVersion = 10.0.40219.1
Project("{FAE04EC0-301F-11D3-BF4B-00C04F79EFBC}") = "Semana-11", "Semana-11\Semana-11.csproj", "{00FD3EB9-AAF9-4DD3-8903-AC0DE7B19A52}"
EndProject
Global
	GlobalSection(SolutionConfigurationPlatforms) = preSolution
		Debug|Any CPU = Debug|Any CPU
		Release|Any CPU = Release|Any CPU
	EndGlobalSection
	GlobalSection(ProjectConfigurationPlatforms) = postSolution
		{00FD3EB9-AAF9-4DD3-8903-AC0DE7B19A52}.Debug|Any CPU.ActiveCfg = Debug|Any CPU
		{00FD3EB9-AAF9-4DD3-8903-AC0DE7B19A52}.Debug|Any CPU.Build.0 = Debug|Any CPU
		{00FD3EB9-AAF9-4DD3-8903-AC0DE7B19A52}.Release|Any CPU.ActiveCfg = Release|Any CPU
		{00FD3EB9-AAF9-4DD3-8903-AC0DE7B19A52}.Release|Any CPU.Build.0 = Release|Any CPU
	EndGlobalSection
	GlobalSection(SolutionProperties) = preSolution
		HideSolutionNode = FALSE
	EndGlobalSection
	GlobalSection(ExtensibilityGlobals) = postSolution
		SolutionGuid = {A7E78EB3-367D-4DDD-93AD-D558B2C3D979}
	EndGlobalSection
EndGlobal
